
Microsoft Visual Studio Solution File, Format Version 12.00
# Visual Studio 15
VisualStudioVersion = 15.0.28307.1209
MinimumVisualStudioVersion = 10.0.40219.1
Project("{FAE04EC0-301F-11D3-BF4B-00C04F79EFBC}") = "CabInvoiceSln", "CabInvoiceSln\CabInvoiceSln.csproj", "{216EB9C0-27D8-4A14-B2A0-869CA4734BE9}"
EndProject
Project("{FAE04EC0-301F-11D3-BF4B-00C04F79EFBC}") = "CabInvoiceTest", "CabInvoiceTest\CabInvoiceTest.csproj", "{91525B84-B5C0-4384-8EED-82EBCD2D3D7D}"
EndProject
Global
	GlobalSection(SolutionConfigurationPlatforms) = preSolution
		Debug|Any CPU = Debug|Any CPU
		Release|Any CPU = Release|Any CPU
	EndGlobalSection
	GlobalSection(ProjectConfigurationPlatforms) = postSolution
		{216EB9C0-27D8-4A14-B2A0-869CA4734BE9}.Debug|Any CPU.ActiveCfg = Debug|Any CPU
		{216EB9C0-27D8-4A14-B2A0-869CA4734BE9}.Debug|Any CPU.Build.0 = Debug|Any CPU
		{216EB9C0-27D8-4A14-B2A0-869CA4734BE9}.Release|Any CPU.ActiveCfg = Release|Any CPU
		{216EB9C0-27D8-4A14-B2A0-869CA4734BE9}.Release|Any CPU.Build.0 = Release|Any CPU
		{91525B84-B5C0-4384-8EED-82EBCD2D3D7D}.Debug|Any CPU.ActiveCfg = Debug|Any CPU
		{91525B84-B5C0-4384-8EED-82EBCD2D3D7D}.Debug|Any CPU.Build.0 = Debug|Any CPU
		{91525B84-B5C0-4384-8EED-82EBCD2D3D7D}.Release|Any CPU.ActiveCfg = Release|Any CPU
		{91525B84-B5C0-4384-8EED-82EBCD2D3D7D}.Release|Any CPU.Build.0 = Release|Any CPU
	EndGlobalSection
	GlobalSection(SolutionProperties) = preSolution
		HideSolutionNode = FALSE
	EndGlobalSection
	GlobalSection(ExtensibilityGlobals) = postSolution
		SolutionGuid = {0F843E96-9ECC-47D1-A692-53275DCEE5AF}
	EndGlobalSection
EndGlobal
